# This file is generated by running "yarn install" inside your project.
# Manual changes might be lost - proceed with caution!

__metadata:
  version: 8
  cacheKey: 10c0

"@jsdotlua/boolean@npm:^1.2.6":
  version: 1.2.6
  resolution: "@jsdotlua/boolean@npm:1.2.6"
  dependencies:
    "@jsdotlua/number": "npm:^1.2.6"
  checksum: 10c0/5f567e556bb7c56102327a97468571522ce939be6cdc1b51591afc3dfc1dff4b2c9ec5462e7809bd9a515b3bdfc1c3eaabb4f631892cb5f471b4fc8da188cb84
  languageName: node
  linkType: hard

"@jsdotlua/chalk@npm:^0.2.1":
  version: 0.2.1
  resolution: "@jsdotlua/chalk@npm:0.2.1"
  checksum: 10c0/4db0d7de47dae83daa8be4cb4acbb8cc54e81aa598a686529bd95e95900f365edab65fc354c6114be942cfc8c2f3efc47b78aebc528cd2079e0c67f7e4aeba8d
  languageName: node
  linkType: hard

"@jsdotlua/collections@npm:^1.2.6":
  version: 1.2.6
  resolution: "@jsdotlua/collections@npm:1.2.6"
  dependencies:
    "@jsdotlua/es7-types": "npm:^1.2.6"
    "@jsdotlua/instance-of": "npm:^1.2.6"
  checksum: 10c0/a4b3fe826358484528f10e8ca61a80d841a6515a22277a003117449da66ea1fb891c7b4103b952b01bd7d75666f26cb41c8efb852672aa8aaaaebbcd656dca79
  languageName: node
  linkType: hard

"@jsdotlua/console@npm:^1.2.6":
  version: 1.2.6
  resolution: "@jsdotlua/console@npm:1.2.6"
  dependencies:
    "@jsdotlua/collections": "npm:^1.2.6"
  checksum: 10c0/eff658d9e8d23f932893facf18400a29ada54d1a24748b751aac1e4df48e92ff70b3b2ccd1ab6a4f2490dd709f826fe39427fb80f01a7574265fdd4e8af9187a
  languageName: node
  linkType: hard

"@jsdotlua/diff-sequences@npm:^3.10.0":
  version: 3.10.0
  resolution: "@jsdotlua/diff-sequences@npm:3.10.0"
  dependencies:
    "@jsdotlua/luau-polyfill": "npm:^1.2.6"
  checksum: 10c0/27c46bfbf08e80ae956f78cb2747c203f6deafcbe00d4c50301c67040a70b6601a1cfe7a7451d59dd4e43f75ac68f3e42dab038b1d8e4aa078d6eba922da7d50
  languageName: node
  linkType: hard

"@jsdotlua/emittery@npm:^3.10.0":
  version: 3.10.0
  resolution: "@jsdotlua/emittery@npm:3.10.0"
  dependencies:
    "@jsdotlua/luau-polyfill": "npm:^1.2.6"
    "@jsdotlua/promise": "npm:^3.5.0"
  checksum: 10c0/3175bec250043c636c3a0678360f7588423b7a2f3c0fedc96e3c1a4c125cd1319f63f35e7f8fee4164937faf18dc81dedf1dc083fc3e37178a83a8f0a03618bb
  languageName: node
  linkType: hard

"@jsdotlua/es7-types@npm:^1.2.6":
  version: 1.2.6
  resolution: "@jsdotlua/es7-types@npm:1.2.6"
  checksum: 10c0/e5710f5f6de0608aec22744845e3a24acc47e2bda6cfc0b1fe4040935039b73e8467da90c3a6c9d75b08c9f39d2b98e9d72d54f3f630012538a7d53ad828a0d6
  languageName: node
  linkType: hard

"@jsdotlua/expect@npm:^3.10.0":
  version: 3.10.0
  resolution: "@jsdotlua/expect@npm:3.10.0"
  dependencies:
    "@jsdotlua/jest-get-type": "npm:^3.10.0"
    "@jsdotlua/jest-matcher-utils": "npm:^3.10.0"
    "@jsdotlua/jest-message-util": "npm:^3.10.0"
    "@jsdotlua/jest-roblox-shared": "npm:^3.10.0"
    "@jsdotlua/jest-snapshot": "npm:^3.10.0"
    "@jsdotlua/jest-util": "npm:^3.10.0"
    "@jsdotlua/luau-polyfill": "npm:^1.2.6"
    "@jsdotlua/promise": "npm:^3.5.0"
    luau-regexp: "npm:^0.2.1"
  checksum: 10c0/1ee815559f01142962ffa136e311e0c83220baa5214954c4564fd503bba04f07c5a034e0b937433065678d2f13dc5506f67a39412ae5e3d5ba9df52ff068d5d6
  languageName: node
  linkType: hard

"@jsdotlua/instance-of@npm:^1.2.6":
  version: 1.2.6
  resolution: "@jsdotlua/instance-of@npm:1.2.6"
  checksum: 10c0/0958caf214bb0556c1dcf94096410c367f413af4b02ef3adbd733e47435d8734b583217804bed5aec8308d56ccfb39032bb12fd4337e01ec5ae2db690b2ca9ce
  languageName: node
  linkType: hard

"@jsdotlua/jest-circus@npm:^3.10.0":
  version: 3.10.0
  resolution: "@jsdotlua/jest-circus@npm:3.10.0"
  dependencies:
    "@jsdotlua/chalk": "npm:^0.2.1"
    "@jsdotlua/expect": "npm:^3.10.0"
    "@jsdotlua/jest-each": "npm:^3.10.0"
    "@jsdotlua/jest-environment": "npm:^3.10.0"
    "@jsdotlua/jest-matcher-utils": "npm:^3.10.0"
    "@jsdotlua/jest-message-util": "npm:^3.10.0"
    "@jsdotlua/jest-roblox-shared": "npm:^3.10.0"
    "@jsdotlua/jest-runtime": "npm:^3.10.0"
    "@jsdotlua/jest-snapshot": "npm:^3.10.0"
    "@jsdotlua/jest-test-result": "npm:^3.10.0"
    "@jsdotlua/jest-types": "npm:^3.10.0"
    "@jsdotlua/jest-util": "npm:^3.10.0"
    "@jsdotlua/luau-polyfill": "npm:^1.2.6"
    "@jsdotlua/pretty-format": "npm:^3.10.0"
    "@jsdotlua/promise": "npm:^3.5.0"
    "@jsdotlua/throat": "npm:^3.10.0"
    luau-regexp: "npm:^0.2.1"
  checksum: 10c0/94ba82249c610fba35f5c2dc73ff362f0c1517bfa30936b587675bd57821157780544dbba53c040d596ec1e78ffd731cf36a4d04e811bfb70bc750c065519170
  languageName: node
  linkType: hard

"@jsdotlua/jest-config@npm:^3.10.0":
  version: 3.10.0
  resolution: "@jsdotlua/jest-config@npm:3.10.0"
  dependencies:
    "@jsdotlua/chalk": "npm:^0.2.1"
    "@jsdotlua/jest-each": "npm:^3.10.0"
    "@jsdotlua/jest-environment-roblox": "npm:^3.10.0"
    "@jsdotlua/jest-get-type": "npm:^3.10.0"
    "@jsdotlua/jest-message-util": "npm:^3.10.0"
    "@jsdotlua/jest-roblox-shared": "npm:^3.10.0"
    "@jsdotlua/jest-types": "npm:^3.10.0"
    "@jsdotlua/jest-util": "npm:^3.10.0"
    "@jsdotlua/jest-validate": "npm:^3.10.0"
    "@jsdotlua/luau-polyfill": "npm:^1.2.6"
    "@jsdotlua/promise": "npm:^3.5.0"
    luau-regexp: "npm:^0.2.1"
  checksum: 10c0/08df57d0e36f99f498176e39beac4588489f035f49fe9d2a549f40dcdcc39a7a05bab69d3d020d10a90b874efb8ce242297462ed5b02cd096cc6dc38a41f2eaa
  languageName: node
  linkType: hard

"@jsdotlua/jest-console@npm:^3.10.0":
  version: 3.10.0
  resolution: "@jsdotlua/jest-console@npm:3.10.0"
  dependencies:
    "@jsdotlua/chalk": "npm:^0.2.1"
    "@jsdotlua/jest-each": "npm:^3.10.0"
    "@jsdotlua/jest-message-util": "npm:^3.10.0"
    "@jsdotlua/jest-mock": "npm:^3.10.0"
    "@jsdotlua/jest-roblox-shared": "npm:^3.10.0"
    "@jsdotlua/jest-types": "npm:^3.10.0"
    "@jsdotlua/jest-util": "npm:^3.10.0"
    "@jsdotlua/luau-polyfill": "npm:^1.2.6"
  checksum: 10c0/cf40b9044ef70cf8f83b7496cf47d65b2b8b56c0d42e39ca29e13029a929c8fb2e24cc8397477ef7f4dcd2575551a29b023ec39592bc91e1f58aba7a06c27b35
  languageName: node
  linkType: hard

"@jsdotlua/jest-core@npm:^3.10.0":
  version: 3.10.0
  resolution: "@jsdotlua/jest-core@npm:3.10.0"
  dependencies:
    "@jsdotlua/chalk": "npm:^0.2.1"
    "@jsdotlua/emittery": "npm:^3.10.0"
    "@jsdotlua/jest-config": "npm:^3.10.0"
    "@jsdotlua/jest-console": "npm:^3.10.0"
    "@jsdotlua/jest-message-util": "npm:^3.10.0"
    "@jsdotlua/jest-reporters": "npm:^3.10.0"
    "@jsdotlua/jest-roblox-shared": "npm:^3.10.0"
    "@jsdotlua/jest-runner": "npm:^3.10.0"
    "@jsdotlua/jest-runtime": "npm:^3.10.0"
    "@jsdotlua/jest-snapshot": "npm:^3.10.0"
    "@jsdotlua/jest-test-result": "npm:^3.10.0"
    "@jsdotlua/jest-types": "npm:^3.10.0"
    "@jsdotlua/jest-util": "npm:^3.10.0"
    "@jsdotlua/luau-polyfill": "npm:^1.2.6"
    "@jsdotlua/pretty-format": "npm:^3.10.0"
    "@jsdotlua/promise": "npm:^3.5.0"
    luau-regexp: "npm:^0.2.1"
  checksum: 10c0/38e63703abb934057d4ebcb55ca16ebccf7195dfb9fc4370fcd4ea672c1f2fb8950256ee783071a468ccefd00a6173772b6a301423208d3d334b5a5fcf42431c
  languageName: node
  linkType: hard

"@jsdotlua/jest-diff@npm:^3.10.0":
  version: 3.10.0
  resolution: "@jsdotlua/jest-diff@npm:3.10.0"
  dependencies:
    "@jsdotlua/chalk": "npm:^0.2.1"
    "@jsdotlua/diff-sequences": "npm:^3.10.0"
    "@jsdotlua/jest-get-type": "npm:^3.10.0"
    "@jsdotlua/jest-types": "npm:^3.10.0"
    "@jsdotlua/luau-polyfill": "npm:^1.2.6"
    "@jsdotlua/pretty-format": "npm:^3.10.0"
  checksum: 10c0/91f12e070f90decb66b172e96c60205d74bac9e7004b556a488f629b413b841da2069845d47c4bcdbffe49dfbd7216dbe0683af8716f3962a379467a511e574a
  languageName: node
  linkType: hard

"@jsdotlua/jest-each@npm:^3.10.0":
  version: 3.10.0
  resolution: "@jsdotlua/jest-each@npm:3.10.0"
  dependencies:
    "@jsdotlua/chalk": "npm:^0.2.1"
    "@jsdotlua/jest-get-type": "npm:^3.10.0"
    "@jsdotlua/jest-types": "npm:^3.10.0"
    "@jsdotlua/jest-util": "npm:^3.10.0"
    "@jsdotlua/luau-polyfill": "npm:^1.2.6"
    "@jsdotlua/pretty-format": "npm:^3.10.0"
    luau-regexp: "npm:^0.2.1"
  checksum: 10c0/0236ee91a7271a2f629ca6eb12b12abf2b08fc1ccd7f43c9932a30c5543b7e43e769282b5cf17f17399394dc81405d9688aad25d0f1ba00da62f11a678aee6e4
  languageName: node
  linkType: hard

"@jsdotlua/jest-environment-roblox@npm:^3.10.0":
  version: 3.10.0
  resolution: "@jsdotlua/jest-environment-roblox@npm:3.10.0"
  dependencies:
    "@jsdotlua/jest-environment": "npm:^3.10.0"
    "@jsdotlua/jest-fake-timers": "npm:^3.10.0"
    "@jsdotlua/jest-mock": "npm:^3.10.0"
    "@jsdotlua/jest-types": "npm:^3.10.0"
    "@jsdotlua/luau-polyfill": "npm:^1.2.6"
    "@jsdotlua/promise": "npm:^3.5.0"
  checksum: 10c0/19f91b1338003eb4faf19c94fe196426e3e579aea9f317206ebb10b09f800ff38ebf3f19bff05ab13928483c31b0bd4d3a5410f7c8ddf507baa3762b9dd0b6b0
  languageName: node
  linkType: hard

"@jsdotlua/jest-environment@npm:^3.10.0":
  version: 3.10.0
  resolution: "@jsdotlua/jest-environment@npm:3.10.0"
  dependencies:
    "@jsdotlua/jest-fake-timers": "npm:^3.10.0"
    "@jsdotlua/jest-mock": "npm:^3.10.0"
    "@jsdotlua/jest-mock-genv": "npm:^3.10.0"
    "@jsdotlua/jest-types": "npm:^3.10.0"
    "@jsdotlua/luau-polyfill": "npm:^1.2.6"
  checksum: 10c0/5844c23cd79bf89c01fb4e43b23d24af5e12ea5f76e39f415a5a856f784877e3f3dd83ffbc4a3508a8417d0561150512e6afaf4365592f89cadd11684960b319
  languageName: node
  linkType: hard

"@jsdotlua/jest-fake-timers@npm:^3.10.0":
  version: 3.10.0
  resolution: "@jsdotlua/jest-fake-timers@npm:3.10.0"
  dependencies:
    "@jsdotlua/jest-get-type": "npm:^3.10.0"
    "@jsdotlua/jest-mock": "npm:^3.10.0"
    "@jsdotlua/luau-polyfill": "npm:^1.2.6"
  checksum: 10c0/e5f5e57b353ccd26783abf6a230122c68a6112ad8c9238538dfe0356a865e858ea5df30b2dbf4031005955e5b7f5f520ca8df086841e71141c01f81616d23525
  languageName: node
  linkType: hard

"@jsdotlua/jest-get-type@npm:^3.10.0":
  version: 3.10.0
  resolution: "@jsdotlua/jest-get-type@npm:3.10.0"
  dependencies:
    "@jsdotlua/luau-polyfill": "npm:^1.2.6"
    luau-regexp: "npm:^0.2.1"
  checksum: 10c0/7b5c4d51a7cf915dddf9d103b5ad914c0256d6ec51d4574d6ac7c3dbee41c5d1d2da17199e96f3b187914daf5c9890c09e8dc1ac98cfa477c6b8fb288a3974c4
  languageName: node
  linkType: hard

"@jsdotlua/jest-globals@npm:^3.10.0":
  version: 3.10.0
  resolution: "@jsdotlua/jest-globals@npm:3.10.0"
  dependencies:
    "@jsdotlua/expect": "npm:^3.10.0"
    "@jsdotlua/jest-environment": "npm:^3.10.0"
    "@jsdotlua/jest-types": "npm:^3.10.0"
    "@jsdotlua/luau-polyfill": "npm:^1.2.6"
  checksum: 10c0/47ae780b9a25d7f8c021f1dede112d74128c7e4c9d40639164157dee4e9e2591d4d90a303c5fa30806c7e972f334c77623e14fa235a014b80df9ffac12f572c2
  languageName: node
  linkType: hard

"@jsdotlua/jest-matcher-utils@npm:^3.10.0":
  version: 3.10.0
  resolution: "@jsdotlua/jest-matcher-utils@npm:3.10.0"
  dependencies:
    "@jsdotlua/chalk": "npm:^0.2.1"
    "@jsdotlua/jest-diff": "npm:^3.10.0"
    "@jsdotlua/jest-get-type": "npm:^3.10.0"
    "@jsdotlua/luau-polyfill": "npm:^1.2.6"
    "@jsdotlua/pretty-format": "npm:^3.10.0"
    luau-regexp: "npm:^0.2.1"
  checksum: 10c0/51a4c56e3b53e16d48de1e8f62c74f47b72a26d7241a6e70b9174fad109c55093898e12950f488976209e09eb1346f37ac296219158fd0bddca4f8411df6453a
  languageName: node
  linkType: hard

"@jsdotlua/jest-message-util@npm:^3.10.0":
  version: 3.10.0
  resolution: "@jsdotlua/jest-message-util@npm:3.10.0"
  dependencies:
    "@jsdotlua/chalk": "npm:^0.2.1"
    "@jsdotlua/jest-roblox-shared": "npm:^3.10.0"
    "@jsdotlua/jest-types": "npm:^3.10.0"
    "@jsdotlua/luau-polyfill": "npm:^1.2.6"
    "@jsdotlua/pretty-format": "npm:^3.10.0"
    luau-regexp: "npm:^0.2.1"
  checksum: 10c0/b8932594b3641bbee8064f56b6beeefa0db9912821a80f227bf1807d49174878d205554e8d1f42f3f6b6dc1a580411d06054a369d56110cbb8d71926871baad3
  languageName: node
  linkType: hard

"@jsdotlua/jest-mock-genv@npm:^3.10.0":
  version: 3.10.0
  resolution: "@jsdotlua/jest-mock-genv@npm:3.10.0"
  dependencies:
    "@jsdotlua/luau-polyfill": "npm:^1.2.6"
  checksum: 10c0/863744fbe455c9646339505aae3b809e4238dc2742d696fd792f204ae59a2c4ae1cb410ede0ee218a4e0da2bce15a51454be8a08368990243878b6457854ba8f
  languageName: node
  linkType: hard

"@jsdotlua/jest-mock@npm:^3.10.0":
  version: 3.10.0
  resolution: "@jsdotlua/jest-mock@npm:3.10.0"
  dependencies:
    "@jsdotlua/jest-mock-genv": "npm:^3.10.0"
    "@jsdotlua/jest-types": "npm:^3.10.0"
    "@jsdotlua/luau-polyfill": "npm:^1.2.6"
  checksum: 10c0/534e0d4f1a4c1028a1e7e2242676f653a484d91f4ff6b78a41d5a4ff1e25d19c8b8a05efb0d7162377c9e48553594d2333b544426ab3abe9de99d655fd45b582
  languageName: node
  linkType: hard

"@jsdotlua/jest-reporters@npm:^3.10.0":
  version: 3.10.0
  resolution: "@jsdotlua/jest-reporters@npm:3.10.0"
  dependencies:
    "@jsdotlua/chalk": "npm:^0.2.1"
    "@jsdotlua/jest-console": "npm:^3.10.0"
    "@jsdotlua/jest-message-util": "npm:^3.10.0"
    "@jsdotlua/jest-mock": "npm:^3.10.0"
    "@jsdotlua/jest-roblox-shared": "npm:^3.10.0"
    "@jsdotlua/jest-test-result": "npm:^3.10.0"
    "@jsdotlua/jest-types": "npm:^3.10.0"
    "@jsdotlua/jest-util": "npm:^3.10.0"
    "@jsdotlua/luau-polyfill": "npm:^1.2.6"
    "@jsdotlua/path": "npm:^3.10.0"
  checksum: 10c0/17e6dd57b82057f5f2b06c31ab3b1975076629c99b93ae06b255f0ac06bd12df4e5baf2310f395aaaf38542bf448bb4c3a6fa38f6bce6916c007ede707d13412
  languageName: node
  linkType: hard

"@jsdotlua/jest-roblox-shared@npm:^3.10.0":
  version: 3.10.0
  resolution: "@jsdotlua/jest-roblox-shared@npm:3.10.0"
  dependencies:
    "@jsdotlua/jest-get-type": "npm:^3.10.0"
    "@jsdotlua/jest-mock": "npm:^3.10.0"
    "@jsdotlua/luau-polyfill": "npm:^1.2.6"
  checksum: 10c0/df6f3038fd89a120d5fed61e9cc669d697e07b50ffd79a4a7ff92cd233332be478d6adb1019b3192c54e220ebdf7a23e779a0f2b85cffce1f939ebad871d957f
  languageName: node
  linkType: hard

"@jsdotlua/jest-runner@npm:^3.10.0":
  version: 3.10.0
  resolution: "@jsdotlua/jest-runner@npm:3.10.0"
  dependencies:
    "@jsdotlua/chalk": "npm:^0.2.1"
    "@jsdotlua/emittery": "npm:^3.10.0"
    "@jsdotlua/jest-circus": "npm:^3.10.0"
    "@jsdotlua/jest-console": "npm:^3.10.0"
    "@jsdotlua/jest-environment": "npm:^3.10.0"
    "@jsdotlua/jest-message-util": "npm:^3.10.0"
    "@jsdotlua/jest-roblox-shared": "npm:^3.10.0"
    "@jsdotlua/jest-runtime": "npm:^3.10.0"
    "@jsdotlua/jest-test-result": "npm:^3.10.0"
    "@jsdotlua/jest-types": "npm:^3.10.0"
    "@jsdotlua/jest-util": "npm:^3.10.0"
    "@jsdotlua/luau-polyfill": "npm:^1.2.6"
    "@jsdotlua/pretty-format": "npm:^3.10.0"
    "@jsdotlua/promise": "npm:^3.5.0"
    "@jsdotlua/throat": "npm:^3.10.0"
  checksum: 10c0/50053023bbbbd4de32b19488f16062773d808fae0f93e0f366e2cd38a3d68f3a928a89aa04c1e092f13f59b01feef185db5446b425a713b9b813a23523899686
  languageName: node
  linkType: hard

"@jsdotlua/jest-runtime@npm:^3.10.0":
  version: 3.10.0
  resolution: "@jsdotlua/jest-runtime@npm:3.10.0"
  dependencies:
    "@jsdotlua/emittery": "npm:^3.10.0"
    "@jsdotlua/expect": "npm:^3.10.0"
    "@jsdotlua/jest-fake-timers": "npm:^3.10.0"
    "@jsdotlua/jest-mock": "npm:^3.10.0"
    "@jsdotlua/jest-mock-genv": "npm:^3.10.0"
    "@jsdotlua/jest-snapshot": "npm:^3.10.0"
    "@jsdotlua/jest-types": "npm:^3.10.0"
    "@jsdotlua/luau-polyfill": "npm:^1.2.6"
    "@jsdotlua/promise": "npm:^3.5.0"
  checksum: 10c0/11aee29658810e5a5c3803678fd1ff65f78d4aa7446848f77e12400bc64a0e8cc5ff83ed7480786498fa66175858d38868a04bef7afd085d74089269849108b0
  languageName: node
  linkType: hard

"@jsdotlua/jest-snapshot@npm:^3.10.0":
  version: 3.10.0
  resolution: "@jsdotlua/jest-snapshot@npm:3.10.0"
  dependencies:
    "@jsdotlua/chalk": "npm:^0.2.1"
    "@jsdotlua/jest-diff": "npm:^3.10.0"
    "@jsdotlua/jest-get-type": "npm:^3.10.0"
    "@jsdotlua/jest-matcher-utils": "npm:^3.10.0"
    "@jsdotlua/jest-roblox-shared": "npm:^3.10.0"
    "@jsdotlua/jest-types": "npm:^3.10.0"
    "@jsdotlua/luau-polyfill": "npm:^1.2.6"
    "@jsdotlua/pretty-format": "npm:^3.10.0"
    "@jsdotlua/promise": "npm:^3.5.0"
  checksum: 10c0/9b71491fae8f4ce057150355de92d0c03cf616dd4dd8b60b9394ac55e74b5e44dc4a4737c275f3ba84b8911dcc17e4b8716bc7ec041aa4c3aa770ae7d466b76c
  languageName: node
  linkType: hard

"@jsdotlua/jest-test-result@npm:^3.10.0":
  version: 3.10.0
  resolution: "@jsdotlua/jest-test-result@npm:3.10.0"
  dependencies:
    "@jsdotlua/jest-types": "npm:^3.10.0"
    "@jsdotlua/luau-polyfill": "npm:^1.2.6"
  checksum: 10c0/5abf281d7ec7469ce078d40e4b26a688829b474799ea81b8ebb21b12b65b4b56c5f06d65aa44ce69cf59e12500f002be79c0eaf6d7095c2d083a265c1b544107
  languageName: node
  linkType: hard

"@jsdotlua/jest-types@npm:^3.10.0":
  version: 3.10.0
  resolution: "@jsdotlua/jest-types@npm:3.10.0"
  dependencies:
    "@jsdotlua/luau-polyfill": "npm:^1.2.6"
    luau-regexp: "npm:^0.2.1"
  checksum: 10c0/9d5e6b9a114e5b65c893ce65f13f75216a55e615f3b8bf1d7b78225dcc71ec1e7668c51df729f240b420aeec1192b3d5c75d99d779b4730cd9a73e5689f4f71f
  languageName: node
  linkType: hard

"@jsdotlua/jest-util@npm:^3.10.0":
  version: 3.10.0
  resolution: "@jsdotlua/jest-util@npm:3.10.0"
  dependencies:
    "@jsdotlua/chalk": "npm:^0.2.1"
    "@jsdotlua/jest-roblox-shared": "npm:^3.10.0"
    "@jsdotlua/jest-types": "npm:^3.10.0"
    "@jsdotlua/luau-polyfill": "npm:^1.2.6"
    "@jsdotlua/picomatch": "npm:^0.4.0"
    "@jsdotlua/promise": "npm:^3.5.0"
    luau-regexp: "npm:^0.2.1"
  checksum: 10c0/a128ba7b3d3ef017fdca39556241da5b955d8135e722109a5de3749b91d7137929a24a62481a840dc0dca1f0b78b9ee70b37f538fc68e93a162718b59b049372
  languageName: node
  linkType: hard

"@jsdotlua/jest-validate@npm:^3.10.0":
  version: 3.10.0
  resolution: "@jsdotlua/jest-validate@npm:3.10.0"
  dependencies:
    "@jsdotlua/chalk": "npm:^0.2.1"
    "@jsdotlua/luau-polyfill": "npm:^1.2.6"
  checksum: 10c0/76f40ba80e9c50fc5086111a66b07ac28653a7041243425d15c925c64ea31228c0fd5862578c2626d9b95641b81b03f313ec96e58b8cfb74d048f0e25f1ba6b0
  languageName: node
  linkType: hard

"@jsdotlua/jest@npm:^3.10.0":
  version: 3.10.0
  resolution: "@jsdotlua/jest@npm:3.10.0"
  dependencies:
    "@jsdotlua/jest-core": "npm:^3.10.0"
  checksum: 10c0/bb5edb5d72106201effdb69c693204a6ce46ce131e79038342e6496c682bb5e7ba65617374514e372a89ca37922853b73b3df45e0cee8219d0e5cc707bfba487
  languageName: node
  linkType: hard

"@jsdotlua/luau-polyfill@npm:^1.2.6":
  version: 1.2.6
  resolution: "@jsdotlua/luau-polyfill@npm:1.2.6"
  dependencies:
    "@jsdotlua/boolean": "npm:^1.2.6"
    "@jsdotlua/collections": "npm:^1.2.6"
    "@jsdotlua/console": "npm:^1.2.6"
    "@jsdotlua/es7-types": "npm:^1.2.6"
    "@jsdotlua/instance-of": "npm:^1.2.6"
    "@jsdotlua/math": "npm:^1.2.6"
    "@jsdotlua/number": "npm:^1.2.6"
    "@jsdotlua/string": "npm:^1.2.6"
    "@jsdotlua/timers": "npm:^1.2.6"
    symbol-luau: "npm:^1.0.0"
  checksum: 10c0/63265f9fde3b895400d12802929ddab5daed79efc4e2aa90325b2eea0e2b7addcf351d35ad8bb19955956e913c212408944d73b6f3126223893d17cecd24de61
  languageName: node
  linkType: hard

"@jsdotlua/math@npm:^1.2.6":
  version: 1.2.6
  resolution: "@jsdotlua/math@npm:1.2.6"
  checksum: 10c0/06137df2a6352d4f5c730a7cf9e2902509d36de08415a3c70d470a05669dfeaf48e4aff2d5b6885a92b8f4d19fd0294a40f147a3f39c8558e887a09eb3ccd9e0
  languageName: node
  linkType: hard

"@jsdotlua/number@npm:^1.2.6":
  version: 1.2.6
  resolution: "@jsdotlua/number@npm:1.2.6"
  checksum: 10c0/74541fce86f80c52f05e5d4ca774d94f08ed21619af7b575c2bb7284e24fc2b178626c9888e286459a344d662cafab74d839ec8b95dcdab551fd14754911a292
  languageName: node
  linkType: hard

"@jsdotlua/path@npm:^3.10.0":
  version: 3.10.0
  resolution: "@jsdotlua/path@npm:3.10.0"
  dependencies:
    "@jsdotlua/luau-polyfill": "npm:^1.2.6"
  checksum: 10c0/d1f18debba7f81067521f61715eb2bd50486d0b1492c1f2335028fa0239e4efe1bba0069d19a699ad2932e8100d0249090e8a348799c9e7cf0de49b902604edd
  languageName: node
  linkType: hard

"@jsdotlua/picomatch@npm:^0.4.0":
  version: 0.4.0
  resolution: "@jsdotlua/picomatch@npm:0.4.0"
  dependencies:
    "@jsdotlua/luau-polyfill": "npm:^1.2.6"
    "@jsdotlua/promise": "npm:^3.5.0"
    luau-regexp: "npm:^0.2.1"
  checksum: 10c0/7ccc76cfe19974a91758adf62fc69529d05815575488c1ba31af052b0f25de24a9614fd47c6e5bf67f6c28aa8e84f3f32bb59f6cb59143bb05d41b925b3a2b0e
  languageName: node
  linkType: hard

"@jsdotlua/pretty-format@npm:^3.10.0":
  version: 3.10.0
  resolution: "@jsdotlua/pretty-format@npm:3.10.0"
  dependencies:
    "@jsdotlua/chalk": "npm:^0.2.1"
    "@jsdotlua/jest-get-type": "npm:^3.10.0"
    "@jsdotlua/jest-roblox-shared": "npm:^3.10.0"
    "@jsdotlua/luau-polyfill": "npm:^1.2.6"
    "@jsdotlua/react-is": "npm:^17.1.0"
    luau-regexp: "npm:^0.2.1"
  checksum: 10c0/3f249157bcdd0f41c19dc1e8eb3a07ee27a3a918c5f3d25ceaed3cc23a8ef94c6905edb4a2015f3e6bd686a83ba74c2a650a682e1814a67adfac2632f195ecd1
  languageName: node
  linkType: hard

"@jsdotlua/promise@npm:^3.5.0":
  version: 3.5.0
  resolution: "@jsdotlua/promise@npm:3.5.0"
  checksum: 10c0/8771dac525b8d608ad319040b742cdde8f4cbbd4a075ae02dad4d510c8ab739dabf7de40ae1b15211e3890331cf3e7d9454fdcb3ec9a08471663436c0e9ec977
  languageName: node
  linkType: hard

"@jsdotlua/react-is@npm:^17.1.0":
  version: 17.1.0
  resolution: "@jsdotlua/react-is@npm:17.1.0"
  dependencies:
    "@jsdotlua/shared": "npm:^17.1.0"
  checksum: 10c0/0133682ec6ab337f2e9e3983be484f994abe8303857dd77c351fc0f9fb7d154ba115ba5ca29460f90bd482c6bbe57a28b7ddea0f4954745aaf09d682b2939560
  languageName: node
  linkType: hard

"@jsdotlua/shared@npm:^17.1.0":
  version: 17.1.0
  resolution: "@jsdotlua/shared@npm:17.1.0"
  dependencies:
    "@jsdotlua/luau-polyfill": "npm:^1.2.6"
  checksum: 10c0/23e0d4fec494e7059b116db3b89e9655cc772e19fe06f9ad92bc97a324cf8862b0f2e7aaffee89d0627c9a1abb793b254573f09860fa35caf21925a33b332376
  languageName: node
  linkType: hard

"@jsdotlua/string@npm:^1.2.6":
  version: 1.2.6
  resolution: "@jsdotlua/string@npm:1.2.6"
  dependencies:
    "@jsdotlua/es7-types": "npm:^1.2.6"
    "@jsdotlua/number": "npm:^1.2.6"
  checksum: 10c0/de51c662439110642b699e4196240aa45ec4b8814f99bc606acb84dbb3f1c6889099bb722b3370f5873e06bd65c76779b5d94694309c9bdc63d324f40add2b0f
  languageName: node
  linkType: hard

"@jsdotlua/throat@npm:^3.10.0":
  version: 3.10.0
  resolution: "@jsdotlua/throat@npm:3.10.0"
  dependencies:
    "@jsdotlua/luau-polyfill": "npm:^1.2.6"
    "@jsdotlua/promise": "npm:^3.5.0"
  checksum: 10c0/46345a6eb6ac3f7fe7485a1d79565d03c75ec90e18c00182e4a422d7774a34caed69849fcbfb9b45ca7b7f2c660347deb090764ed97f403923cc52d7ef8d1714
  languageName: node
  linkType: hard

"@jsdotlua/timers@npm:^1.2.6":
  version: 1.2.6
  resolution: "@jsdotlua/timers@npm:1.2.6"
  dependencies:
    "@jsdotlua/collections": "npm:^1.2.6"
  checksum: 10c0/f3ec2753894e4939f7dfdf0072517f1e769e4009b4bd882c9c6878526372753ac4b08b531e1a32c96b7bccb5bf10bb8e2f5730cbc70534da7eddc620fbccaaca
  languageName: node
  linkType: hard

"commander@npm:^11.0.0":
  version: 11.1.0
  resolution: "commander@npm:11.1.0"
  checksum: 10c0/13cc6ac875e48780250f723fb81c1c1178d35c5decb1abb1b628b3177af08a8554e76b2c0f29de72d69eef7c864d12613272a71fabef8047922bc622ab75a179
  languageName: node
  linkType: hard

"luau-disk@npm:^0.1.1":
  version: 0.1.1
  resolution: "luau-disk@npm:0.1.1"
  checksum: 10c0/ee97edfe07671c3989f31b21cdef1001d845dbbc4940b41a2cb9b74e1c1bb0008c339348c595669177884ad8f0df4b6bf14ec66457854edcccb8e18fc3e9e4eb
  languageName: node
  linkType: hard

"luau-path@workspace:.":
  version: 0.0.0-use.local
  resolution: "luau-path@workspace:."
  dependencies:
    "@jsdotlua/jest": "npm:^3.10.0"
    "@jsdotlua/jest-globals": "npm:^3.10.0"
    luau-disk: "npm:^0.1.1"
    npmluau: "npm:^0.1.2"
  languageName: unknown
  linkType: soft

"luau-regexp@npm:^0.2.1":
  version: 0.2.1
  resolution: "luau-regexp@npm:0.2.1"
  checksum: 10c0/7badc4e6f9ab7753d77e49db3012c525fb85dff70930c806754edd86893a39c1afb1aba51aba00b2f456f72d7f02c6a8812a160646a05986bc6d1bfae6251494
  languageName: node
  linkType: hard

"npmluau@npm:^0.1.2":
  version: 0.1.2
  resolution: "npmluau@npm:0.1.2"
  dependencies:
    commander: "npm:^11.0.0"
    walkdir: "npm:^0.4.1"
  bin:
    npmluau: main.js
  checksum: 10c0/665e23da3e4329faaa324bc98cebc23e7a540bde6dabbf8b6033dc7360fc74d635688fe712a919462bfc3d4db8c54c503c7e0cd0bf92c704b55afe4087ff0e3c
  languageName: node
  linkType: hard

"symbol-luau@npm:^1.0.0":
  version: 1.0.1
  resolution: "symbol-luau@npm:1.0.1"
  checksum: 10c0/ab51a77331b2d5e4666528bada17e67b26aea355257bba9e97351016cd1836bd19f372355a14cf5bef2f4d5bc6b32fe91aeb09698d7bdc079d2c61330bedf251
  languageName: node
  linkType: hard

"walkdir@npm:^0.4.1":
  version: 0.4.1
  resolution: "walkdir@npm:0.4.1"
  checksum: 10c0/88e635aa9303e9196e4dc15013d2bd4afca4c8c8b4bb27722ca042bad213bb882d3b9141b3b0cca6bfb274f7889b30cf58d6374844094abec0016f335c5414dc
  languageName: node
  linkType: hard
